
Microsoft Visual Studio Solution File, Format Version 12.00
# Visual Studio Version 17
VisualStudioVersion = 17.0.31903.59
MinimumVisualStudioVersion = 10.0.40219.1
Project("{FAE04EC0-301F-11D3-BF4B-00C04F79EFBC}") = "BuberBreakfast.Contracts", "BuberBreakfast.Contracts\BuberBreakfast.Contracts.csproj", "{0C04B2B3-F6C5-49B6-BEA4-DBBF126C281B}"
EndProject
Project("{FAE04EC0-301F-11D3-BF4B-00C04F79EFBC}") = "BuberBreakfast", "BuberBreakfast\BuberBreakfast.csproj", "{57A665AA-CDB9-4B7D-B54F-D4C7B92BA2D4}"
EndProject
Global
	GlobalSection(SolutionConfigurationPlatforms) = preSolution
		Debug|Any CPU = Debug|Any CPU
		Release|Any CPU = Release|Any CPU
	EndGlobalSection
	GlobalSection(SolutionProperties) = preSolution
		HideSolutionNode = FALSE
	EndGlobalSection
	GlobalSection(ProjectConfigurationPlatforms) = postSolution
		{0C04B2B3-F6C5-49B6-BEA4-DBBF126C281B}.Debug|Any CPU.ActiveCfg = Debug|Any CPU
		{0C04B2B3-F6C5-49B6-BEA4-DBBF126C281B}.Debug|Any CPU.Build.0 = Debug|Any CPU
		{0C04B2B3-F6C5-49B6-BEA4-DBBF126C281B}.Release|Any CPU.ActiveCfg = Release|Any CPU
		{0C04B2B3-F6C5-49B6-BEA4-DBBF126C281B}.Release|Any CPU.Build.0 = Release|Any CPU
		{57A665AA-CDB9-4B7D-B54F-D4C7B92BA2D4}.Debug|Any CPU.ActiveCfg = Debug|Any CPU
		{57A665AA-CDB9-4B7D-B54F-D4C7B92BA2D4}.Debug|Any CPU.Build.0 = Debug|Any CPU
		{57A665AA-CDB9-4B7D-B54F-D4C7B92BA2D4}.Release|Any CPU.ActiveCfg = Release|Any CPU
		{57A665AA-CDB9-4B7D-B54F-D4C7B92BA2D4}.Release|Any CPU.Build.0 = Release|Any CPU
	EndGlobalSection
EndGlobal
